
Microsoft Visual Studio Solution File, Format Version 12.00
# Visual Studio Version 17
VisualStudioVersion = 17.5.33414.496
MinimumVisualStudioVersion = 10.0.40219.1
Project("{9A19103F-16F7-4668-BE54-9A1E7A4F7556}") = "jpg2pdf", "jpg2pdf.csproj", "{D06848AF-4721-41F1-A915-30D63A7B5108}"
EndProject
Project("{9A19103F-16F7-4668-BE54-9A1E7A4F7556}") = "jpg2pdf.Test", "..\jpg2pdf.Test\jpg2pdf.Test.csproj", "{35C99D58-F998-4A89-8A47-E2EBD296D3AD}"
EndProject
Project("{FAE04EC0-301F-11D3-BF4B-00C04F79EFBC}") = "jpg2pdf.Console", "..\jpg2pdf.Console\jpg2pdf.Console.csproj", "{1940FDB3-C868-4E8A-AD2A-5292D250FACB}"
EndProject
Global
	GlobalSection(SolutionConfigurationPlatforms) = preSolution
		Debug|Any CPU = Debug|Any CPU
		Release|Any CPU = Release|Any CPU
	EndGlobalSection
	GlobalSection(ProjectConfigurationPlatforms) = postSolution
		{D06848AF-4721-41F1-A915-30D63A7B5108}.Debug|Any CPU.ActiveCfg = Debug|Any CPU
		{D06848AF-4721-41F1-A915-30D63A7B5108}.Debug|Any CPU.Build.0 = Debug|Any CPU
		{D06848AF-4721-41F1-A915-30D63A7B5108}.Release|Any CPU.ActiveCfg = Release|Any CPU
		{D06848AF-4721-41F1-A915-30D63A7B5108}.Release|Any CPU.Build.0 = Release|Any CPU
		{35C99D58-F998-4A89-8A47-E2EBD296D3AD}.Debug|Any CPU.ActiveCfg = Debug|Any CPU
		{35C99D58-F998-4A89-8A47-E2EBD296D3AD}.Debug|Any CPU.Build.0 = Debug|Any CPU
		{35C99D58-F998-4A89-8A47-E2EBD296D3AD}.Release|Any CPU.ActiveCfg = Release|Any CPU
		{35C99D58-F998-4A89-8A47-E2EBD296D3AD}.Release|Any CPU.Build.0 = Release|Any CPU
		{1940FDB3-C868-4E8A-AD2A-5292D250FACB}.Debug|Any CPU.ActiveCfg = Debug|Any CPU
		{1940FDB3-C868-4E8A-AD2A-5292D250FACB}.Debug|Any CPU.Build.0 = Debug|Any CPU
		{1940FDB3-C868-4E8A-AD2A-5292D250FACB}.Release|Any CPU.ActiveCfg = Release|Any CPU
		{1940FDB3-C868-4E8A-AD2A-5292D250FACB}.Release|Any CPU.Build.0 = Release|Any CPU
	EndGlobalSection
	GlobalSection(SolutionProperties) = preSolution
		HideSolutionNode = FALSE
	EndGlobalSection
	GlobalSection(ExtensibilityGlobals) = postSolution
		SolutionGuid = {8E7EB6FD-BB5A-4A20-AF4A-FEF16EBB526A}
	EndGlobalSection
EndGlobal
